
Microsoft Visual Studio Solution File, Format Version 12.00
# Visual Studio Version 17
VisualStudioVersion = 17.14.36518.9 d17.14
MinimumVisualStudioVersion = 10.0.40219.1
Project("{8BC9CEB8-8B4A-11D0-8D11-00A0C91BC942}") = "ConsoleApplication1", "ConsoleApplication1.vcxproj", "{71F9E3B0-411A-4DC8-8852-E97600D8D96C}"
EndProject
Global
	GlobalSection(SolutionConfigurationPlatforms) = preSolution
		Debug|x64 = Debug|x64
		Debug|x86 = Debug|x86
		Release|x64 = Release|x64
		Release|x86 = Release|x86
	EndGlobalSection
	GlobalSection(ProjectConfigurationPlatforms) = postSolution
		{71F9E3B0-411A-4DC8-8852-E97600D8D96C}.Debug|x64.ActiveCfg = Debug|x64
		{71F9E3B0-411A-4DC8-8852-E97600D8D96C}.Debug|x64.Build.0 = Debug|x64
		{71F9E3B0-411A-4DC8-8852-E97600D8D96C}.Debug|x86.ActiveCfg = Debug|Win32
		{71F9E3B0-411A-4DC8-8852-E97600D8D96C}.Debug|x86.Build.0 = Debug|Win32
		{71F9E3B0-411A-4DC8-8852-E97600D8D96C}.Release|x64.ActiveCfg = Release|x64
		{71F9E3B0-411A-4DC8-8852-E97600D8D96C}.Release|x64.Build.0 = Release|x64
		{71F9E3B0-411A-4DC8-8852-E97600D8D96C}.Release|x86.ActiveCfg = Release|Win32
		{71F9E3B0-411A-4DC8-8852-E97600D8D96C}.Release|x86.Build.0 = Release|Win32
	EndGlobalSection
	GlobalSection(SolutionProperties) = preSolution
		HideSolutionNode = FALSE
	EndGlobalSection
	GlobalSection(ExtensibilityGlobals) = postSolution
		SolutionGuid = {F8D3E171-E35B-4FC6-BEDC-100552F8B98D}
	EndGlobalSection
EndGlobal
